// !$*UTF8*$!
{
	archiveVersion = 1;
	classes = {
	};
	objectVersion = 46;
	objects = {

/* Begin PBXFileReference section */
		052B1EA418B287C000ACCE6B /* LICENSE */ = {isa = PBXFileReference; lastKnownFileType = text; path = LICENSE; sourceTree = "<group>"; };
		052B1EA518B287C000ACCE6B /* README.md */ = {isa = PBXFileReference; lastKnownFileType = text; path = README.md; sourceTree = "<group>"; };
		052B1EAC18B2883400ACCE6B /* Cocoa.framework */ = {isa = PBXFileReference; lastKnownFileType = wrapper.framework; name = Cocoa.framework; path = System/Library/Frameworks/Cocoa.framework; sourceTree = SDKROOT; };
		052B1EAF18B2883400ACCE6B /* Foundation.framework */ = {isa = PBXFileReference; lastKnownFileType = wrapper.framework; name = Foundation.framework; path = System/Library/Frameworks/Foundation.framework; sourceTree = SDKROOT; };
		052B1EB018B2883400ACCE6B /* CoreData.framework */ = {isa = PBXFileReference; lastKnownFileType = wrapper.framework; name = CoreData.framework; path = System/Library/Frameworks/CoreData.framework; sourceTree = SDKROOT; };
		052B1EB118B2883400ACCE6B /* AppKit.framework */ = {isa = PBXFileReference; lastKnownFileType = wrapper.framework; name = AppKit.framework; path = System/Library/Frameworks/AppKit.framework; sourceTree = SDKROOT; };
		052B1EBD18B2883400ACCE6B /* XCTest.framework */ = {isa = PBXFileReference; lastKnownFileType = wrapper.framework; name = XCTest.framework; path = Library/Frameworks/XCTest.framework; sourceTree = DEVELOPER_DIR; };
		052B1ED118B2887A00ACCE6B /* EXPatchMaster.h */ = {isa = PBXFileReference; fileEncoding = 4; lastKnownFileType = sourcecode.c.h; path = EXPatchMaster.h; sourceTree = "<group>"; };
		052B1ED218B2887A00ACCE6B /* EXPatchMaster.m */ = {isa = PBXFileReference; fileEncoding = 4; lastKnownFileType = sourcecode.c.objc; path = EXPatchMaster.m; sourceTree = "<group>"; };
		052B1ED818B2890D00ACCE6B /* PLBlockIMP.framework */ = {isa = PBXFileReference; lastKnownFileType = wrapper.framework; path = PLBlockIMP.framework; sourceTree = "<group>"; };
		052B1EDA18B2890D00ACCE6B /* PLBlockIMP.framework */ = {isa = PBXFileReference; lastKnownFileType = wrapper.framework; path = PLBlockIMP.framework; sourceTree = "<group>"; };
		052B1EDB18B2890D00ACCE6B /* README.txt */ = {isa = PBXFileReference; lastKnownFileType = text; path = README.txt; sourceTree = "<group>"; };
		0867D69BFE84028FC02AAC07 /* Foundation.framework */ = {isa = PBXFileReference; lastKnownFileType = wrapper.framework; name = Foundation.framework; path = /System/Library/Frameworks/Foundation.framework; sourceTree = "<absolute>"; };
		0867D6A5FE840307C02AAC07 /* AppKit.framework */ = {isa = PBXFileReference; lastKnownFileType = wrapper.framework; name = AppKit.framework; path = /System/Library/Frameworks/AppKit.framework; sourceTree = "<absolute>"; };
		1058C7B1FEA5585E11CA2CBB /* Cocoa.framework */ = {isa = PBXFileReference; lastKnownFileType = wrapper.framework; name = Cocoa.framework; path = /System/Library/Frameworks/Cocoa.framework; sourceTree = "<absolute>"; };
		D2F7E79907B2D74100F64583 /* CoreData.framework */ = {isa = PBXFileReference; lastKnownFileType = wrapper.framework; name = CoreData.framework; path = /System/Library/Frameworks/CoreData.framework; sourceTree = "<absolute>"; };
/* End PBXFileReference section */

/* Begin PBXGroup section */
		034768DFFF38A50411DB9C8B /* Products */ = {
			isa = PBXGroup;
			children = (
			);
			name = Products;
			sourceTree = "<group>";
		};
		052B1EAB18B2883400ACCE6B /* Frameworks */ = {
			isa = PBXGroup;
			children = (
				052B1EAC18B2883400ACCE6B /* Cocoa.framework */,
				052B1EBD18B2883400ACCE6B /* XCTest.framework */,
				052B1EAE18B2883400ACCE6B /* Other Frameworks */,
			);
			name = Frameworks;
			sourceTree = "<group>";
		};
		052B1EAE18B2883400ACCE6B /* Other Frameworks */ = {
			isa = PBXGroup;
			children = (
				052B1EAF18B2883400ACCE6B /* Foundation.framework */,
				052B1EB018B2883400ACCE6B /* CoreData.framework */,
				052B1EB118B2883400ACCE6B /* AppKit.framework */,
			);
			name = "Other Frameworks";
			sourceTree = "<group>";
		};
		052B1ED518B2890D00ACCE6B /* Dependencies */ = {
			isa = PBXGroup;
			children = (
				052B1ED618B2890D00ACCE6B /* PLBlockIMP */,
				052B1EDB18B2890D00ACCE6B /* README.txt */,
			);
			path = Dependencies;
			sourceTree = "<group>";
		};
		052B1ED618B2890D00ACCE6B /* PLBlockIMP */ = {
			isa = PBXGroup;
			children = (
				052B1ED718B2890D00ACCE6B /* iPhone Runtime */,
				052B1ED918B2890D00ACCE6B /* Mac OS X Runtime */,
			);
			path = PLBlockIMP;
			sourceTree = "<group>";
		};
		052B1ED718B2890D00ACCE6B /* iPhone Runtime */ = {
			isa = PBXGroup;
			children = (
				052B1ED818B2890D00ACCE6B /* PLBlockIMP.framework */,
			);
			path = "iPhone Runtime";
			sourceTree = "<group>";
		};
		052B1ED918B2890D00ACCE6B /* Mac OS X Runtime */ = {
			isa = PBXGroup;
			children = (
				052B1EDA18B2890D00ACCE6B /* PLBlockIMP.framework */,
			);
			path = "Mac OS X Runtime";
			sourceTree = "<group>";
		};
		05ACD0001802363F009B0FB9 /* ARM64 */ = {
			isa = PBXGroup;
			children = (
			);
			name = ARM64;
			path = ARM;
			sourceTree = "<group>";
		};
		05F565F513526F46003D62C7 /* x86_32 */ = {
			isa = PBXGroup;
			children = (
			);
			path = x86_32;
			sourceTree = "<group>";
		};
		05F569FE1352CA03003D62C7 /* ARM */ = {
			isa = PBXGroup;
			children = (
			);
			path = ARM;
			sourceTree = "<group>";
		};
		05F56B121352D981003D62C7 /* x86_64 */ = {
			isa = PBXGroup;
			children = (
			);
			path = x86_64;
			sourceTree = "<group>";
		};
		0867D691FE84028FC02AAC07 /* plblockimp */ = {
			isa = PBXGroup;
			children = (
				08FB77AEFE84172EC02AAC07 /* PLPatchMaster */,
				052B1ED518B2890D00ACCE6B /* Dependencies */,
				32C88DFF0371C24200C91783 /* Other Sources */,
				089C1665FE841158C02AAC07 /* Resources */,
				0867D69AFE84028FC02AAC07 /* External Frameworks and Libraries */,
				052B1EAB18B2883400ACCE6B /* Frameworks */,
				034768DFFF38A50411DB9C8B /* Products */,
				052B1EA418B287C000ACCE6B /* LICENSE */,
				052B1EA518B287C000ACCE6B /* README.md */,
			);
			name = plblockimp;
			sourceTree = "<group>";
		};
		0867D69AFE84028FC02AAC07 /* External Frameworks and Libraries */ = {
			isa = PBXGroup;
			children = (
				1058C7B0FEA5585E11CA2CBB /* Linked Frameworks */,
				1058C7B2FEA5585E11CA2CBB /* Other Frameworks */,
			);
			name = "External Frameworks and Libraries";
			sourceTree = "<group>";
		};
		089C1665FE841158C02AAC07 /* Resources */ = {
			isa = PBXGroup;
			children = (
			);
			path = Resources;
			sourceTree = "<group>";
		};
		08FB77AEFE84172EC02AAC07 /* PLPatchMaster */ = {
			isa = PBXGroup;
			children = (
				052B1ED118B2887A00ACCE6B /* EXPatchMaster.h */,
				052B1ED218B2887A00ACCE6B /* EXPatchMaster.m */,
				05F569FE1352CA03003D62C7 /* ARM */,
				05ACD0001802363F009B0FB9 /* ARM64 */,
				05F565F513526F46003D62C7 /* x86_32 */,
				05F56B121352D981003D62C7 /* x86_64 */,
			);
			path = PLPatchMaster;
			sourceTree = "<group>";
		};
		1058C7B0FEA5585E11CA2CBB /* Linked Frameworks */ = {
			isa = PBXGroup;
			children = (
				1058C7B1FEA5585E11CA2CBB /* Cocoa.framework */,
			);
			name = "Linked Frameworks";
			sourceTree = "<group>";
		};
		1058C7B2FEA5585E11CA2CBB /* Other Frameworks */ = {
			isa = PBXGroup;
			children = (
				0867D6A5FE840307C02AAC07 /* AppKit.framework */,
				D2F7E79907B2D74100F64583 /* CoreData.framework */,
				0867D69BFE84028FC02AAC07 /* Foundation.framework */,
			);
			name = "Other Frameworks";
			sourceTree = "<group>";
		};
		32C88DFF0371C24200C91783 /* Other Sources */ = {
			isa = PBXGroup;
			children = (
			);
			path = "Other Sources";
			sourceTree = "<group>";
		};
/* End PBXGroup section */

/* Begin PBXProject section */
		0867D690FE84028FC02AAC07 /* Project object */ = {
			isa = PBXProject;
			attributes = {
				LastUpgradeCheck = 0430;
			};
			buildConfigurationList = 1DEB91B108733DA50010E9CD /* Build configuration list for PBXProject "PatchMaster" */;
			compatibilityVersion = "Xcode 3.2";
			developmentRegion = English;
			hasScannedForEncodings = 1;
			knownRegions = (
				English,
				Japanese,
				French,
				German,
				en,
			);
			mainGroup = 0867D691FE84028FC02AAC07 /* plblockimp */;
			productRefGroup = 034768DFFF38A50411DB9C8B /* Products */;
			projectDirPath = "";
			projectRoot = "";
			targets = (
			);
		};
/* End PBXProject section */

/* Begin XCBuildConfiguration section */
		1DEB91B208733DA50010E9CD /* Debug */ = {
			isa = XCBuildConfiguration;
			buildSettings = {
				ARCHS = "$(ARCHS_STANDARD_32_64_BIT)";
				CURRENT_PROJECT_VERSION = "1.0-beta1";
				GCC_C_LANGUAGE_STANDARD = gnu99;
				GCC_OPTIMIZATION_LEVEL = 0;
				GCC_WARN_ABOUT_RETURN_TYPE = YES;
				GCC_WARN_UNUSED_VARIABLE = YES;
				MACOSX_DEPLOYMENT_TARGET = 10.5;
				ONLY_ACTIVE_ARCH = YES;
				OTHER_CFLAGS = "-DPL_BLOCKIMP_PRIVATE";
				SDKROOT = macosx;
				WARNING_CFLAGS = (
					"-Wall",
					"-Wextra",
					"-Werror",
					"-Wno-unused-parameter",
				);
			};
			name = Debug;
		};
		1DEB91B308733DA50010E9CD /* Release */ = {
			isa = XCBuildConfiguration;
			buildSettings = {
				ARCHS = "$(ARCHS_STANDARD_32_64_BIT)";
				CURRENT_PROJECT_VERSION = "1.0-beta1";
				GCC_C_LANGUAGE_STANDARD = gnu99;
				GCC_WARN_ABOUT_RETURN_TYPE = YES;
				GCC_WARN_UNUSED_VARIABLE = YES;
				MACOSX_DEPLOYMENT_TARGET = 10.5;
				OTHER_CFLAGS = "-DPL_BLOCKIMP_PRIVATE";
				SDKROOT = macosx;
				WARNING_CFLAGS = (
					"-Wall",
					"-Wextra",
					"-Werror",
					"-Wno-unused-parameter",
				);
			};
			name = Release;
		};
/* End XCBuildConfiguration section */

/* Begin XCConfigurationList section */
		1DEB91B108733DA50010E9CD /* Build configuration list for PBXProject "PatchMaster" */ = {
			isa = XCConfigurationList;
			buildConfigurations = (
				1DEB91B208733DA50010E9CD /* Debug */,
				1DEB91B308733DA50010E9CD /* Release */,
			);
			defaultConfigurationIsVisible = 0;
			defaultConfigurationName = Release;
		};
/* End XCConfigurationList section */
	};
	rootObject = 0867D690FE84028FC02AAC07 /* Project object */;
}
